// !$*UTF8*$!
{
	archiveVersion = 1;
	classes = {
	};
	objectVersion = 46;
	objects = {

/* Begin PBXBuildFile section */
		1198DCE61CA886EB00ADEACB /* AppDelegate.swift in Sources */ = {isa = PBXBuildFile; fileRef = 1198DCE51CA886EB00ADEACB /* AppDelegate.swift */; };
		1198DCE81CA886EB00ADEACB /* ViewController.swift in Sources */ = {isa = PBXBuildFile; fileRef = 1198DCE71CA886EB00ADEACB /* ViewController.swift */; };
		1198DCEB1CA886EB00ADEACB /* Main.storyboard in Resources */ = {isa = PBXBuildFile; fileRef = 1198DCE91CA886EB00ADEACB /* Main.storyboard */; };
		1198DCED1CA886EB00ADEACB /* Assets.xcassets in Resources */ = {isa = PBXBuildFile; fileRef = 1198DCEC1CA886EB00ADEACB /* Assets.xcassets */; };
		1198DCF01CA886EB00ADEACB /* LaunchScreen.storyboard in Resources */ = {isa = PBXBuildFile; fileRef = 1198DCEE1CA886EB00ADEACB /* LaunchScreen.storyboard */; };
		1198DCF81CA888D800ADEACB /* pokemon.csv in Resources */ = {isa = PBXBuildFile; fileRef = 1198DCF71CA888D800ADEACB /* pokemon.csv */; };
		1198DD1D1CA9873900ADEACB /* Pokemon.swift in Sources */ = {isa = PBXBuildFile; fileRef = 1198DD1C1CA9873900ADEACB /* Pokemon.swift */; };
/* End PBXBuildFile section */

/* Begin PBXFileReference section */
		1198DCE21CA886EB00ADEACB /* pokedex.app */ = {isa = PBXFileReference; explicitFileType = wrapper.application; includeInIndex = 0; path = pokedex.app; sourceTree = BUILT_PRODUCTS_DIR; };
		1198DCE51CA886EB00ADEACB /* AppDelegate.swift */ = {isa = PBXFileReference; lastKnownFileType = sourcecode.swift; path = AppDelegate.swift; sourceTree = "<group>"; };
		1198DCE71CA886EB00ADEACB /* ViewController.swift */ = {isa = PBXFileReference; lastKnownFileType = sourcecode.swift; path = ViewController.swift; sourceTree = "<group>"; };
		1198DCEA1CA886EB00ADEACB /* Base */ = {isa = PBXFileReference; lastKnownFileType = file.storyboard; name = Base; path = Base.lproj/Main.storyboard; sourceTree = "<group>"; };
		1198DCEC1CA886EB00ADEACB /* Assets.xcassets */ = {isa = PBXFileReference; lastKnownFileType = folder.assetcatalog; path = Assets.xcassets; sourceTree = "<group>"; };
		1198DCEF1CA886EB00ADEACB /* Base */ = {isa = PBXFileReference; lastKnownFileType = file.storyboard; name = Base; path = Base.lproj/LaunchScreen.storyboard; sourceTree = "<group>"; };
		1198DCF11CA886EB00ADEACB /* Info.plist */ = {isa = PBXFileReference; lastKnownFileType = text.plist.xml; path = Info.plist; sourceTree = "<group>"; };
		1198DCF71CA888D800ADEACB /* pokemon.csv */ = {isa = PBXFileReference; fileEncoding = 4; lastKnownFileType = text; path = pokemon.csv; sourceTree = "<group>"; };
		1198DD1C1CA9873900ADEACB /* Pokemon.swift */ = {isa = PBXFileReference; fileEncoding = 4; lastKnownFileType = sourcecode.swift; path = Pokemon.swift; sourceTree = "<group>"; };
/* End PBXFileReference section */

/* Begin PBXFrameworksBuildPhase section */
		1198DCDF1CA886EB00ADEACB /* Frameworks */ = {
			isa = PBXFrameworksBuildPhase;
			buildActionMask = 2147483647;
			files = (
			);
			runOnlyForDeploymentPostprocessing = 0;
		};
/* End PBXFrameworksBuildPhase section */

/* Begin PBXGroup section */
		1198DCD91CA886EB00ADEACB = {
			isa = PBXGroup;
			children = (
				1198DCE41CA886EB00ADEACB /* pokedex */,
				1198DCE31CA886EB00ADEACB /* Products */,
			);
			sourceTree = "<group>";
		};
		1198DCE31CA886EB00ADEACB /* Products */ = {
			isa = PBXGroup;
			children = (
				1198DCE21CA886EB00ADEACB /* pokedex.app */,
			);
			name = Products;
			sourceTree = "<group>";
		};
		1198DCE41CA886EB00ADEACB /* pokedex */ = {
			isa = PBXGroup;
			children = (
				1198DD191CA9870200ADEACB /* Model */,
				1198DD1A1CA9870900ADEACB /* View */,
				1198DD1B1CA9870F00ADEACB /* Conroller */,
				1198DCE51CA886EB00ADEACB /* AppDelegate.swift */,
				1198DCF71CA888D800ADEACB /* pokemon.csv */,
				1198DCEC1CA886EB00ADEACB /* Assets.xcassets */,
				1198DCF11CA886EB00ADEACB /* Info.plist */,
			);
			path = pokedex;
			sourceTree = "<group>";
		};
		1198DD191CA9870200ADEACB /* Model */ = {
			isa = PBXGroup;
			children = (
				1198DD1C1CA9873900ADEACB /* Pokemon.swift */,
			);
			name = Model;
			sourceTree = "<group>";
		};
		1198DD1A1CA9870900ADEACB /* View */ = {
			isa = PBXGroup;
			children = (
				1198DCE91CA886EB00ADEACB /* Main.storyboard */,
				1198DCEE1CA886EB00ADEACB /* LaunchScreen.storyboard */,
			);
			name = View;
			sourceTree = "<group>";
		};
		1198DD1B1CA9870F00ADEACB /* Conroller */ = {
			isa = PBXGroup;
			children = (
				1198DCE71CA886EB00ADEACB /* ViewController.swift */,
			);
			name = Conroller;
			sourceTree = "<group>";
		};
/* End PBXGroup section */

/* Begin PBXNativeTarget section */
		1198DCE11CA886EB00ADEACB /* pokedex */ = {
			isa = PBXNativeTarget;
			buildConfigurationList = 1198DCF41CA886EB00ADEACB /* Build configuration list for PBXNativeTarget "pokedex" */;
			buildPhases = (
				1198DCDE1CA886EB00ADEACB /* Sources */,
				1198DCDF1CA886EB00ADEACB /* Frameworks */,
				1198DCE01CA886EB00ADEACB /* Resources */,
			);
			buildRules = (
			);
			dependencies = (
			);
			name = pokedex;
			productName = pokedex;
			productReference = 1198DCE21CA886EB00ADEACB /* pokedex.app */;
			productType = "com.apple.product-type.application";
		};
/* End PBXNativeTarget section */

/* Begin PBXProject section */
		1198DCDA1CA886EB00ADEACB /* Project object */ = {
			isa = PBXProject;
			attributes = {
				LastSwiftUpdateCheck = 0730;
				LastUpgradeCheck = 0730;
				ORGANIZATIONNAME = "Vyacheslav Horbach";
				TargetAttributes = {
					1198DCE11CA886EB00ADEACB = {
						CreatedOnToolsVersion = 7.3;
						DevelopmentTeam = HJKK55TVH2;
					};
				};
			};
			buildConfigurationList = 1198DCDD1CA886EB00ADEACB /* Build configuration list for PBXProject "pokedex" */;
			compatibilityVersion = "Xcode 3.2";
			developmentRegion = English;
			hasScannedForEncodings = 0;
			knownRegions = (
				en,
				Base,
			);
			mainGroup = 1198DCD91CA886EB00ADEACB;
			productRefGroup = 1198DCE31CA886EB00ADEACB /* Products */;
			projectDirPath = "";
			projectRoot = "";
			targets = (
				1198DCE11CA886EB00ADEACB /* pokedex */,
			);
		};
/* End PBXProject section */

/* Begin PBXResourcesBuildPhase section */
		1198DCE01CA886EB00ADEACB /* Resources */ = {
			isa = PBXResourcesBuildPhase;
			buildActionMask = 2147483647;
			files = (
				1198DCF01CA886EB00ADEACB /* LaunchScreen.storyboard in Resources */,
				1198DCED1CA886EB00ADEACB /* Assets.xcassets in Resources */,
				1198DCF81CA888D800ADEACB /* pokemon.csv in Resources */,
				1198DCEB1CA886EB00ADEACB /* Main.storyboard in Resources */,
			);
			runOnlyForDeploymentPostprocessing = 0;
		};
/* End PBXResourcesBuildPhase section */

/* Begin PBXSourcesBuildPhase section */
		1198DCDE1CA886EB00ADEACB /* Sources */ = {
			isa = PBXSourcesBuildPhase;
			buildActionMask = 2147483647;
			files = (
				1198DCE81CA886EB00ADEACB /* ViewController.swift in Sources */,
				1198DCE61CA886EB00ADEACB /* AppDelegate.swift in Sources */,
				1198DD1D1CA9873900ADEACB /* Pokemon.swift in Sources */,
			);
			runOnlyForDeploymentPostprocessing = 0;
		};
/* End PBXSourcesBuildPhase section */

/* Begin PBXVariantGroup section */
		1198DCE91CA886EB00ADEACB /* Main.storyboard */ = {
			isa = PBXVariantGroup;
			children = (
				1198DCEA1CA886EB00ADEACB /* Base */,
			);
			name = Main.storyboard;
			sourceTree = "<group>";
		};
		1198DCEE1CA886EB00ADEACB /* LaunchScreen.storyboard */ = {
			isa = PBXVariantGroup;
			children = (
				1198DCEF1CA886EB00ADEACB /* Base */,
			);
			name = LaunchScreen.storyboard;
			sourceTree = "<group>";
		};
/* End PBXVariantGroup section */

/* Begin XCBuildConfiguration section */
		1198DCF21CA886EB00ADEACB /* Debug */ = {
			isa = XCBuildConfiguration;
			buildSettings = {
				ALWAYS_SEARCH_USER_PATHS = NO;
				CLANG_ANALYZER_NONNULL = YES;
				CLANG_CXX_LANGUAGE_STANDARD = "gnu++0x";
				CLANG_CXX_LIBRARY = "libc++";
				CLANG_ENABLE_MODULES = YES;
				CLANG_ENABLE_OBJC_ARC = YES;
				CLANG_WARN_BOOL_CONVERSION = YES;
				CLANG_WARN_CONSTANT_CONVERSION = YES;
				CLANG_WARN_DIRECT_OBJC_ISA_USAGE = YES_ERROR;
				CLANG_WARN_EMPTY_BODY = YES;
				CLANG_WARN_ENUM_CONVERSION = YES;
				CLANG_WARN_INT_CONVERSION = YES;
				CLANG_WARN_OBJC_ROOT_CLASS = YES_ERROR;
				CLANG_WARN_UNREACHABLE_CODE = YES;
				CLANG_WARN__DUPLICATE_METHOD_MATCH = YES;
				"CODE_SIGN_IDENTITY[sdk=iphoneos*]" = "iPhone Developer";
				COPY_PHASE_STRIP = NO;
				DEBUG_INFORMATION_FORMAT = dwarf;
				ENABLE_STRICT_OBJC_MSGSEND = YES;
				ENABLE_TESTABILITY = YES;
				GCC_C_LANGUAGE_STANDARD = gnu99;
				GCC_DYNAMIC_NO_PIC = NO;
				GCC_NO_COMMON_BLOCKS = YES;
				GCC_OPTIMIZATION_LEVEL = 0;
				GCC_PREPROCESSOR_DEFINITIONS = (
					"DEBUG=1",
					"$(inherited)",
				);
				GCC_WARN_64_TO_32_BIT_CONVERSION = YES;
				GCC_WARN_ABOUT_RETURN_TYPE = YES_ERROR;
				GCC_WARN_UNDECLARED_SELECTOR = YES;
				GCC_WARN_UNINITIALIZED_AUTOS = YES_AGGRESSIVE;
				GCC_WARN_UNUSED_FUNCTION = YES;
				GCC_WARN_UNUSED_VARIABLE = YES;
				IPHONEOS_DEPLOYMENT_TARGET = 9.3;
				MTL_ENABLE_DEBUG_INFO = YES;
				ONLY_ACTIVE_ARCH = YES;
				SDKROOT = iphoneos;
				SWIFT_OPTIMIZATION_LEVEL = "-Onone";
				TARGETED_DEVICE_FAMILY = "1,2";
			};
			name = Debug;
		};
		1198DCF31CA886EB00ADEACB /* Release */ = {
			isa = XCBuildConfiguration;
			buildSettings = {
				ALWAYS_SEARCH_USER_PATHS = NO;
				CLANG_ANALYZER_NONNULL = YES;
				CLANG_CXX_LANGUAGE_STANDARD = "gnu++0x";
				CLANG_CXX_LIBRARY = "libc++";
				CLANG_ENABLE_MODULES = YES;
				CLANG_ENABLE_OBJC_ARC = YES;
				CLANG_WARN_BOOL_CONVERSION = YES;
				CLANG_WARN_CONSTANT_CONVERSION = YES;
				CLANG_WARN_DIRECT_OBJC_ISA_USAGE = YES_ERROR;
				CLANG_WARN_EMPTY_BODY = YES;
				CLANG_WARN_ENUM_CONVERSION = YES;
				CLANG_WARN_INT_CONVERSION = YES;
				CLANG_WARN_OBJC_ROOT_CLASS = YES_ERROR;
				CLANG_WARN_UNREACHABLE_CODE = YES;
				CLANG_WARN__DUPLICATE_METHOD_MATCH = YES;
				"CODE_SIGN_IDENTITY[sdk=iphoneos*]" = "iPhone Developer";
				COPY_PHASE_STRIP = NO;
				DEBUG_INFORMATION_FORMAT = "dwarf-with-dsym";
				ENABLE_NS_ASSERTIONS = NO;
				ENABLE_STRICT_OBJC_MSGSEND = YES;
				GCC_C_LANGUAGE_STANDARD = gnu99;
				GCC_NO_COMMON_BLOCKS = YES;
				GCC_WARN_64_TO_32_BIT_CONVERSION = YES;
				GCC_WARN_ABOUT_RETURN_TYPE = YES_ERROR;
				GCC_WARN_UNDECLARED_SELECTOR = YES;
				GCC_WARN_UNINITIALIZED_AUTOS = YES_AGGRESSIVE;
				GCC_WARN_UNUSED_FUNCTION = YES;
				GCC_WARN_UNUSED_VARIABLE = YES;
				IPHONEOS_DEPLOYMENT_TARGET = 9.3;
				MTL_ENABLE_DEBUG_INFO = NO;
				SDKROOT = iphoneos;
				TARGETED_DEVICE_FAMILY = "1,2";
				VALIDATE_PRODUCT = YES;
			};
			name = Release;
		};
		1198DCF51CA886EB00ADEACB /* Debug */ = {
			isa = XCBuildConfiguration;
			buildSettings = {
				ASSETCATALOG_COMPILER_APPICON_NAME = AppIcon;
				INFOPLIST_FILE = pokedex/Info.plist;
				LD_RUNPATH_SEARCH_PATHS = "$(inherited) @executable_path/Frameworks";
				PRODUCT_BUNDLE_IDENTIFIER = com.VyacheslavHorbach.pokedex;
				PRODUCT_NAME = "$(TARGET_NAME)";
			};
			name = Debug;
		};
		1198DCF61CA886EB00ADEACB /* Release */ = {
			isa = XCBuildConfiguration;
			buildSettings = {
				ASSETCATALOG_COMPILER_APPICON_NAME = AppIcon;
				INFOPLIST_FILE = pokedex/Info.plist;
				LD_RUNPATH_SEARCH_PATHS = "$(inherited) @executable_path/Frameworks";
				PRODUCT_BUNDLE_IDENTIFIER = com.VyacheslavHorbach.pokedex;
				PRODUCT_NAME = "$(TARGET_NAME)";
			};
			name = Release;
		};
/* End XCBuildConfiguration section */

/* Begin XCConfigurationList section */
		1198DCDD1CA886EB00ADEACB /* Build configuration list for PBXProject "pokedex" */ = {
			isa = XCConfigurationList;
			buildConfigurations = (
				1198DCF21CA886EB00ADEACB /* Debug */,
				1198DCF31CA886EB00ADEACB /* Release */,
			);
			defaultConfigurationIsVisible = 0;
			defaultConfigurationName = Release;
		};
		1198DCF41CA886EB00ADEACB /* Build configuration list for PBXNativeTarget "pokedex" */ = {
			isa = XCConfigurationList;
			buildConfigurations = (
				1198DCF51CA886EB00ADEACB /* Debug */,
				1198DCF61CA886EB00ADEACB /* Release */,
			);
			defaultConfigurationIsVisible = 0;
			defaultConfigurationName = Release;
		};
/* End XCConfigurationList section */
	};
	rootObject = 1198DCDA1CA886EB00ADEACB /* Project object */;
}
